// !$*UTF8*$!
{
	archiveVersion = 1;
	classes = {
	};
	objectVersion = 46;
	objects = {

/* Begin PBXBuildFile section */
		9A04B9271DEAAA4F00D0F07B /* ListItem.swift in Sources */ = {isa = PBXBuildFile; fileRef = 9A04B9261DEAAA4F00D0F07B /* ListItem.swift */; };
		9A04B9291DEAABF500D0F07B /* TableViewController.swift in Sources */ = {isa = PBXBuildFile; fileRef = 9A04B9281DEAABF500D0F07B /* TableViewController.swift */; };
		9A0EC3541EFAFC1600DF3A4D /* iTunesArtwork@3x.png in Resources */ = {isa = PBXBuildFile; fileRef = 9A0EC3531EFAFC1600DF3A4D /* iTunesArtwork@3x.png */; };
		9A0EC3561EFAFDFC00DF3A4D /* iTunesArtwork@1x.png in Resources */ = {isa = PBXBuildFile; fileRef = 9A0EC3551EFAFDFC00DF3A4D /* iTunesArtwork@1x.png */; };
		9A1BACD01F08549400E30F0D /* CamDB.m in Sources */ = {isa = PBXBuildFile; fileRef = 9A1BACCF1F08549400E30F0D /* CamDB.m */; };
		9A1BACD51F085D1D00E30F0D /* libsqlite3.0.tbd in Frameworks */ = {isa = PBXBuildFile; fileRef = 9A1BACD41F085D1D00E30F0D /* libsqlite3.0.tbd */; };
		9A1BACD71F08604400E30F0D /* camera_list.db in Resources */ = {isa = PBXBuildFile; fileRef = 9A1BACD61F08604400E30F0D /* camera_list.db */; };
		9A31D4391DEA85B200C90D79 /* AppDelegate.swift in Sources */ = {isa = PBXBuildFile; fileRef = 9A31D4381DEA85B200C90D79 /* AppDelegate.swift */; };
		9A31D43E1DEA85B200C90D79 /* Main.storyboard in Resources */ = {isa = PBXBuildFile; fileRef = 9A31D43C1DEA85B200C90D79 /* Main.storyboard */; };
		9A31D4431DEA85B200C90D79 /* Assets.xcassets in Resources */ = {isa = PBXBuildFile; fileRef = 9A31D4421DEA85B200C90D79 /* Assets.xcassets */; };
		9A31D4461DEA85B200C90D79 /* LaunchScreen.storyboard in Resources */ = {isa = PBXBuildFile; fileRef = 9A31D4441DEA85B200C90D79 /* LaunchScreen.storyboard */; };
		9A4507B41DFCE01D001036FC /* CameraViewController.swift in Sources */ = {isa = PBXBuildFile; fileRef = 9A4507B31DFCE01C001036FC /* CameraViewController.swift */; };
		9A4C2D132026A8DF008D9595 /* CameraTableViewCell.swift in Sources */ = {isa = PBXBuildFile; fileRef = 9A4C2D122026A8DF008D9595 /* CameraTableViewCell.swift */; };
		9A4C2D1520276334008D9595 /* icons8-wall-mount-camera-50.png in Resources */ = {isa = PBXBuildFile; fileRef = 9A4C2D1420276334008D9595 /* icons8-wall-mount-camera-50.png */; };
		9A4C2D1720276346008D9595 /* icons8-map-pin-50.png in Resources */ = {isa = PBXBuildFile; fileRef = 9A4C2D1620276346008D9595 /* icons8-map-pin-50.png */; };
		9A79BBA31DEFF91A00E8F0AF /* Camera.swift in Sources */ = {isa = PBXBuildFile; fileRef = 9A79BBA21DEFF91A00E8F0AF /* Camera.swift */; };
		9A7AA7671F02EFE600C7B5D2 /* camera_list.json in Resources */ = {isa = PBXBuildFile; fileRef = 9A7AA7661F02EFE600C7B5D2 /* camera_list.json */; };
		9A7AA7691F02FAA300C7B5D2 /* MapViewController.swift in Sources */ = {isa = PBXBuildFile; fileRef = 9A7AA7681F02FAA300C7B5D2 /* MapViewController.swift */; };
/* End PBXBuildFile section */

/* Begin PBXFileReference section */
		9A04B9261DEAAA4F00D0F07B /* ListItem.swift */ = {isa = PBXFileReference; fileEncoding = 4; lastKnownFileType = sourcecode.swift; path = ListItem.swift; sourceTree = "<group>"; };
		9A04B9281DEAABF500D0F07B /* TableViewController.swift */ = {isa = PBXFileReference; fileEncoding = 4; lastKnownFileType = sourcecode.swift; path = TableViewController.swift; sourceTree = "<group>"; };
		9A0EC3531EFAFC1600DF3A4D /* iTunesArtwork@3x.png */ = {isa = PBXFileReference; lastKnownFileType = image.png; name = "iTunesArtwork@3x.png"; path = "../../../Desktop/Untitled-1/ios/iTunesArtwork@3x.png"; sourceTree = "<group>"; };
		9A0EC3551EFAFDFC00DF3A4D /* iTunesArtwork@1x.png */ = {isa = PBXFileReference; lastKnownFileType = image.png; name = "iTunesArtwork@1x.png"; path = "../../../Desktop/Untitled-1/ios/iTunesArtwork@1x.png"; sourceTree = "<group>"; };
		9A1BACCB1F084AE000E30F0D /* Ottawa Street Cameras-Bridging-Header.h */ = {isa = PBXFileReference; lastKnownFileType = sourcecode.c.h; path = "Ottawa Street Cameras-Bridging-Header.h"; sourceTree = "<group>"; };
		9A1BACCF1F08549400E30F0D /* CamDB.m */ = {isa = PBXFileReference; fileEncoding = 4; lastKnownFileType = sourcecode.c.objc; path = CamDB.m; sourceTree = "<group>"; };
		9A1BACD11F08550900E30F0D /* CamDB.h */ = {isa = PBXFileReference; lastKnownFileType = sourcecode.c.h; path = CamDB.h; sourceTree = "<group>"; };
		9A1BACD21F08574900E30F0D /* libsqlite3.tbd */ = {isa = PBXFileReference; lastKnownFileType = "sourcecode.text-based-dylib-definition"; name = libsqlite3.tbd; path = usr/lib/libsqlite3.tbd; sourceTree = SDKROOT; };
		9A1BACD41F085D1D00E30F0D /* libsqlite3.0.tbd */ = {isa = PBXFileReference; lastKnownFileType = "sourcecode.text-based-dylib-definition"; name = libsqlite3.0.tbd; path = usr/lib/libsqlite3.0.tbd; sourceTree = SDKROOT; };
		9A1BACD61F08604400E30F0D /* camera_list.db */ = {isa = PBXFileReference; lastKnownFileType = file; path = camera_list.db; sourceTree = "<group>"; };
		9A31D4351DEA85B100C90D79 /* Ottawa Street Cameras.app */ = {isa = PBXFileReference; explicitFileType = wrapper.application; includeInIndex = 0; path = "Ottawa Street Cameras.app"; sourceTree = BUILT_PRODUCTS_DIR; };
		9A31D4381DEA85B200C90D79 /* AppDelegate.swift */ = {isa = PBXFileReference; lastKnownFileType = sourcecode.swift; path = AppDelegate.swift; sourceTree = "<group>"; };
		9A31D43D1DEA85B200C90D79 /* Base */ = {isa = PBXFileReference; lastKnownFileType = file.storyboard; name = Base; path = Base.lproj/Main.storyboard; sourceTree = "<group>"; };
		9A31D4421DEA85B200C90D79 /* Assets.xcassets */ = {isa = PBXFileReference; lastKnownFileType = folder.assetcatalog; path = Assets.xcassets; sourceTree = "<group>"; };
		9A31D4451DEA85B200C90D79 /* Base */ = {isa = PBXFileReference; lastKnownFileType = file.storyboard; name = Base; path = Base.lproj/LaunchScreen.storyboard; sourceTree = "<group>"; };
		9A31D4471DEA85B200C90D79 /* Info.plist */ = {isa = PBXFileReference; lastKnownFileType = text.plist.xml; path = Info.plist; sourceTree = "<group>"; };
		9A4507B31DFCE01C001036FC /* CameraViewController.swift */ = {isa = PBXFileReference; fileEncoding = 4; lastKnownFileType = sourcecode.swift; path = CameraViewController.swift; sourceTree = "<group>"; };
		9A4C2D122026A8DF008D9595 /* CameraTableViewCell.swift */ = {isa = PBXFileReference; lastKnownFileType = sourcecode.swift; path = CameraTableViewCell.swift; sourceTree = "<group>"; };
		9A4C2D1420276334008D9595 /* icons8-wall-mount-camera-50.png */ = {isa = PBXFileReference; lastKnownFileType = image.png; name = "icons8-wall-mount-camera-50.png"; path = "../../../Desktop/icons8-wall-mount-camera-50.png"; sourceTree = "<group>"; };
		9A4C2D1620276346008D9595 /* icons8-map-pin-50.png */ = {isa = PBXFileReference; lastKnownFileType = image.png; name = "icons8-map-pin-50.png"; path = "../../../Desktop/icons8-map-pin-50.png"; sourceTree = "<group>"; };
		9A79BBA21DEFF91A00E8F0AF /* Camera.swift */ = {isa = PBXFileReference; fileEncoding = 4; lastKnownFileType = sourcecode.swift; path = Camera.swift; sourceTree = "<group>"; };
		9A7AA7661F02EFE600C7B5D2 /* camera_list.json */ = {isa = PBXFileReference; fileEncoding = 4; lastKnownFileType = text.json; path = camera_list.json; sourceTree = "<group>"; };
		9A7AA7681F02FAA300C7B5D2 /* MapViewController.swift */ = {isa = PBXFileReference; fileEncoding = 4; lastKnownFileType = sourcecode.swift; path = MapViewController.swift; sourceTree = "<group>"; };
/* End PBXFileReference section */

/* Begin PBXFrameworksBuildPhase section */
		9A31D4321DEA85B100C90D79 /* Frameworks */ = {
			isa = PBXFrameworksBuildPhase;
			buildActionMask = 2147483647;
			files = (
				9A1BACD51F085D1D00E30F0D /* libsqlite3.0.tbd in Frameworks */,
			);
			runOnlyForDeploymentPostprocessing = 0;
		};
/* End PBXFrameworksBuildPhase section */

/* Begin PBXGroup section */
		9A31D42C1DEA85B100C90D79 = {
			isa = PBXGroup;
			children = (
				9A31D4361DEA85B100C90D79 /* Products */,
				9A31D4371DEA85B100C90D79 /* Ottawa Street Cameras */,
				9A40AAAC1EF81A28004A0E46 /* Frameworks */,
			);
			sourceTree = "<group>";
		};
		9A31D4361DEA85B100C90D79 /* Products */ = {
			isa = PBXGroup;
			children = (
				9A31D4351DEA85B100C90D79 /* Ottawa Street Cameras.app */,
			);
			name = Products;
			sourceTree = "<group>";
		};
		9A31D4371DEA85B100C90D79 /* Ottawa Street Cameras */ = {
			isa = PBXGroup;
			children = (
				9A1BACD61F08604400E30F0D /* camera_list.db */,
				9A4C2D1620276346008D9595 /* icons8-map-pin-50.png */,
				9A4C2D1420276334008D9595 /* icons8-wall-mount-camera-50.png */,
				9A1BACD11F08550900E30F0D /* CamDB.h */,
				9A1BACCB1F084AE000E30F0D /* Ottawa Street Cameras-Bridging-Header.h */,
				9A7AA7661F02EFE600C7B5D2 /* camera_list.json */,
				9A1BACCF1F08549400E30F0D /* CamDB.m */,
				9A31D4471DEA85B200C90D79 /* Info.plist */,
				9A0EC3551EFAFDFC00DF3A4D /* iTunesArtwork@1x.png */,
				9A0EC3531EFAFC1600DF3A4D /* iTunesArtwork@3x.png */,
				9A31D4381DEA85B200C90D79 /* AppDelegate.swift */,
				9A79BBA21DEFF91A00E8F0AF /* Camera.swift */,
				9A4C2D122026A8DF008D9595 /* CameraTableViewCell.swift */,
				9A4507B31DFCE01C001036FC /* CameraViewController.swift */,
				9A04B9261DEAAA4F00D0F07B /* ListItem.swift */,
				9A7AA7681F02FAA300C7B5D2 /* MapViewController.swift */,
				9A04B9281DEAABF500D0F07B /* TableViewController.swift */,
				9A31D4421DEA85B200C90D79 /* Assets.xcassets */,
				9A31D4441DEA85B200C90D79 /* LaunchScreen.storyboard */,
				9A31D43C1DEA85B200C90D79 /* Main.storyboard */,
			);
			path = "Ottawa Street Cameras";
			sourceTree = "<group>";
		};
		9A40AAAC1EF81A28004A0E46 /* Frameworks */ = {
			isa = PBXGroup;
			children = (
				9A1BACD41F085D1D00E30F0D /* libsqlite3.0.tbd */,
				9A1BACD21F08574900E30F0D /* libsqlite3.tbd */,
			);
			name = Frameworks;
			sourceTree = "<group>";
		};
/* End PBXGroup section */

/* Begin PBXNativeTarget section */
		9A31D4341DEA85B100C90D79 /* Ottawa Street Cameras */ = {
			isa = PBXNativeTarget;
			buildConfigurationList = 9A31D44A1DEA85B200C90D79 /* Build configuration list for PBXNativeTarget "Ottawa Street Cameras" */;
			buildPhases = (
				9A31D4311DEA85B100C90D79 /* Sources */,
				9A31D4321DEA85B100C90D79 /* Frameworks */,
				9A31D4331DEA85B100C90D79 /* Resources */,
			);
			buildRules = (
			);
			dependencies = (
			);
			name = "Ottawa Street Cameras";
			productName = "Ottawa Street Cameras";
			productReference = 9A31D4351DEA85B100C90D79 /* Ottawa Street Cameras.app */;
			productType = "com.apple.product-type.application";
		};
/* End PBXNativeTarget section */

/* Begin PBXProject section */
		9A31D42D1DEA85B100C90D79 /* Project object */ = {
			isa = PBXProject;
			attributes = {
				LastSwiftUpdateCheck = 0800;
				LastUpgradeCheck = 0830;
				ORGANIZATIONNAME = JsonTextfield;
				TargetAttributes = {
					9A31D4341DEA85B100C90D79 = {
						CreatedOnToolsVersion = 8.0;
						DevelopmentTeam = U9AJ65RLSN;
						LastSwiftMigration = 0920;
						ProvisioningStyle = Automatic;
						SystemCapabilities = {
							com.apple.GameCenter = {
								enabled = 0;
							};
							com.apple.InAppPurchase = {
								enabled = 0;
							};
						};
					};
				};
			};
			buildConfigurationList = 9A31D4301DEA85B100C90D79 /* Build configuration list for PBXProject "Ottawa Street Cameras" */;
			compatibilityVersion = "Xcode 3.2";
			developmentRegion = English;
			hasScannedForEncodings = 0;
			knownRegions = (
				en,
				Base,
			);
			mainGroup = 9A31D42C1DEA85B100C90D79;
			productRefGroup = 9A31D4361DEA85B100C90D79 /* Products */;
			projectDirPath = "";
			projectRoot = "";
			targets = (
				9A31D4341DEA85B100C90D79 /* Ottawa Street Cameras */,
			);
		};
/* End PBXProject section */

/* Begin PBXResourcesBuildPhase section */
		9A31D4331DEA85B100C90D79 /* Resources */ = {
			isa = PBXResourcesBuildPhase;
			buildActionMask = 2147483647;
			files = (
				9A31D4461DEA85B200C90D79 /* LaunchScreen.storyboard in Resources */,
				9A0EC3561EFAFDFC00DF3A4D /* iTunesArtwork@1x.png in Resources */,
				9A7AA7671F02EFE600C7B5D2 /* camera_list.json in Resources */,
				9A4C2D1520276334008D9595 /* icons8-wall-mount-camera-50.png in Resources */,
				9A1BACD71F08604400E30F0D /* camera_list.db in Resources */,
				9A31D4431DEA85B200C90D79 /* Assets.xcassets in Resources */,
				9A4C2D1720276346008D9595 /* icons8-map-pin-50.png in Resources */,
				9A0EC3541EFAFC1600DF3A4D /* iTunesArtwork@3x.png in Resources */,
				9A31D43E1DEA85B200C90D79 /* Main.storyboard in Resources */,
			);
			runOnlyForDeploymentPostprocessing = 0;
		};
/* End PBXResourcesBuildPhase section */

/* Begin PBXSourcesBuildPhase section */
		9A31D4311DEA85B100C90D79 /* Sources */ = {
			isa = PBXSourcesBuildPhase;
			buildActionMask = 2147483647;
			files = (
				9A4C2D132026A8DF008D9595 /* CameraTableViewCell.swift in Sources */,
				9A04B9271DEAAA4F00D0F07B /* ListItem.swift in Sources */,
				9A1BACD01F08549400E30F0D /* CamDB.m in Sources */,
				9A7AA7691F02FAA300C7B5D2 /* MapViewController.swift in Sources */,
				9A4507B41DFCE01D001036FC /* CameraViewController.swift in Sources */,
				9A79BBA31DEFF91A00E8F0AF /* Camera.swift in Sources */,
				9A04B9291DEAABF500D0F07B /* TableViewController.swift in Sources */,
				9A31D4391DEA85B200C90D79 /* AppDelegate.swift in Sources */,
			);
			runOnlyForDeploymentPostprocessing = 0;
		};
/* End PBXSourcesBuildPhase section */

/* Begin PBXVariantGroup section */
		9A31D43C1DEA85B200C90D79 /* Main.storyboard */ = {
			isa = PBXVariantGroup;
			children = (
				9A31D43D1DEA85B200C90D79 /* Base */,
			);
			name = Main.storyboard;
			sourceTree = "<group>";
		};
		9A31D4441DEA85B200C90D79 /* LaunchScreen.storyboard */ = {
			isa = PBXVariantGroup;
			children = (
				9A31D4451DEA85B200C90D79 /* Base */,
			);
			name = LaunchScreen.storyboard;
			sourceTree = "<group>";
		};
/* End PBXVariantGroup section */

/* Begin XCBuildConfiguration section */
		9A31D4481DEA85B200C90D79 /* Debug */ = {
			isa = XCBuildConfiguration;
			buildSettings = {
				ALWAYS_SEARCH_USER_PATHS = NO;
				CLANG_ANALYZER_NONNULL = YES;
				CLANG_CXX_LANGUAGE_STANDARD = "gnu++0x";
				CLANG_CXX_LIBRARY = "libc++";
				CLANG_ENABLE_MODULES = YES;
				CLANG_ENABLE_OBJC_ARC = YES;
				CLANG_WARN_BOOL_CONVERSION = YES;
				CLANG_WARN_CONSTANT_CONVERSION = YES;
				CLANG_WARN_DIRECT_OBJC_ISA_USAGE = YES_ERROR;
				CLANG_WARN_DOCUMENTATION_COMMENTS = YES;
				CLANG_WARN_EMPTY_BODY = YES;
				CLANG_WARN_ENUM_CONVERSION = YES;
				CLANG_WARN_INFINITE_RECURSION = YES;
				CLANG_WARN_INT_CONVERSION = YES;
				CLANG_WARN_OBJC_ROOT_CLASS = YES_ERROR;
				CLANG_WARN_SUSPICIOUS_MOVE = YES;
				CLANG_WARN_SUSPICIOUS_MOVES = YES;
				CLANG_WARN_UNREACHABLE_CODE = YES;
				CLANG_WARN__DUPLICATE_METHOD_MATCH = YES;
				"CODE_SIGN_IDENTITY[sdk=iphoneos*]" = "iPhone Developer";
				COPY_PHASE_STRIP = NO;
				DEBUG_INFORMATION_FORMAT = dwarf;
				ENABLE_STRICT_OBJC_MSGSEND = YES;
				ENABLE_TESTABILITY = YES;
				GCC_C_LANGUAGE_STANDARD = gnu99;
				GCC_DYNAMIC_NO_PIC = NO;
				GCC_NO_COMMON_BLOCKS = YES;
				GCC_OPTIMIZATION_LEVEL = 0;
				GCC_PREPROCESSOR_DEFINITIONS = (
					"DEBUG=1",
					"$(inherited)",
				);
				GCC_WARN_64_TO_32_BIT_CONVERSION = YES;
				GCC_WARN_ABOUT_RETURN_TYPE = YES_ERROR;
				GCC_WARN_UNDECLARED_SELECTOR = YES;
				GCC_WARN_UNINITIALIZED_AUTOS = YES_AGGRESSIVE;
				GCC_WARN_UNUSED_FUNCTION = YES;
				GCC_WARN_UNUSED_VARIABLE = YES;
				IPHONEOS_DEPLOYMENT_TARGET = 8.0;
				MTL_ENABLE_DEBUG_INFO = YES;
				ONLY_ACTIVE_ARCH = YES;
				SDKROOT = iphoneos;
				SWIFT_ACTIVE_COMPILATION_CONDITIONS = DEBUG;
				SWIFT_OPTIMIZATION_LEVEL = "-Onone";
				TARGETED_DEVICE_FAMILY = "1,2";
			};
			name = Debug;
		};
		9A31D4491DEA85B200C90D79 /* Release */ = {
			isa = XCBuildConfiguration;
			buildSettings = {
				ALWAYS_SEARCH_USER_PATHS = NO;
				CLANG_ANALYZER_NONNULL = YES;
				CLANG_CXX_LANGUAGE_STANDARD = "gnu++0x";
				CLANG_CXX_LIBRARY = "libc++";
				CLANG_ENABLE_MODULES = YES;
				CLANG_ENABLE_OBJC_ARC = YES;
				CLANG_WARN_BOOL_CONVERSION = YES;
				CLANG_WARN_CONSTANT_CONVERSION = YES;
				CLANG_WARN_DIRECT_OBJC_ISA_USAGE = YES_ERROR;
				CLANG_WARN_DOCUMENTATION_COMMENTS = YES;
				CLANG_WARN_EMPTY_BODY = YES;
				CLANG_WARN_ENUM_CONVERSION = YES;
				CLANG_WARN_INFINITE_RECURSION = YES;
				CLANG_WARN_INT_CONVERSION = YES;
				CLANG_WARN_OBJC_ROOT_CLASS = YES_ERROR;
				CLANG_WARN_SUSPICIOUS_MOVE = YES;
				CLANG_WARN_SUSPICIOUS_MOVES = YES;
				CLANG_WARN_UNREACHABLE_CODE = YES;
				CLANG_WARN__DUPLICATE_METHOD_MATCH = YES;
				"CODE_SIGN_IDENTITY[sdk=iphoneos*]" = "iPhone Developer";
				COPY_PHASE_STRIP = NO;
				DEBUG_INFORMATION_FORMAT = "dwarf-with-dsym";
				ENABLE_NS_ASSERTIONS = NO;
				ENABLE_STRICT_OBJC_MSGSEND = YES;
				GCC_C_LANGUAGE_STANDARD = gnu99;
				GCC_NO_COMMON_BLOCKS = YES;
				GCC_WARN_64_TO_32_BIT_CONVERSION = YES;
				GCC_WARN_ABOUT_RETURN_TYPE = YES_ERROR;
				GCC_WARN_UNDECLARED_SELECTOR = YES;
				GCC_WARN_UNINITIALIZED_AUTOS = YES_AGGRESSIVE;
				GCC_WARN_UNUSED_FUNCTION = YES;
				GCC_WARN_UNUSED_VARIABLE = YES;
				IPHONEOS_DEPLOYMENT_TARGET = 8.0;
				MTL_ENABLE_DEBUG_INFO = NO;
				SDKROOT = iphoneos;
				SWIFT_OPTIMIZATION_LEVEL = "-Owholemodule";
				TARGETED_DEVICE_FAMILY = "1,2";
				VALIDATE_PRODUCT = YES;
			};
			name = Release;
		};
		9A31D44B1DEA85B200C90D79 /* Debug */ = {
			isa = XCBuildConfiguration;
			buildSettings = {
				ASSETCATALOG_COMPILER_APPICON_NAME = "AppIcon-1";
				CLANG_ENABLE_MODULES = YES;
				"CODE_SIGN_IDENTITY[sdk=iphoneos*]" = "iPhone Developer";
				CODE_SIGN_STYLE = Automatic;
				DEVELOPMENT_TEAM = U9AJ65RLSN;
				INFOPLIST_FILE = "Ottawa Street Cameras/Info.plist";
				IPHONEOS_DEPLOYMENT_TARGET = 10.0;
				LD_RUNPATH_SEARCH_PATHS = "$(inherited) @executable_path/Frameworks";
				PRODUCT_BUNDLE_IDENTIFIER = ca.json.textfield.streetcams;
				PRODUCT_NAME = "$(TARGET_NAME)";
				PROVISIONING_PROFILE_SPECIFIER = "";
				SWIFT_OBJC_BRIDGING_HEADER = "Ottawa Street Cameras/Ottawa Street Cameras-Bridging-Header.h";
				SWIFT_OPTIMIZATION_LEVEL = "-Onone";
				SWIFT_SWIFT3_OBJC_INFERENCE = On;
				SWIFT_VERSION = 4.0;
			};
			name = Debug;
		};
		9A31D44C1DEA85B200C90D79 /* Release */ = {
			isa = XCBuildConfiguration;
			buildSettings = {
				ASSETCATALOG_COMPILER_APPICON_NAME = "AppIcon-1";
				CLANG_ENABLE_MODULES = YES;
				"CODE_SIGN_IDENTITY[sdk=iphoneos*]" = "iPhone Developer";
				CODE_SIGN_STYLE = Automatic;
				DEVELOPMENT_TEAM = U9AJ65RLSN;
				INFOPLIST_FILE = "Ottawa Street Cameras/Info.plist";
				IPHONEOS_DEPLOYMENT_TARGET = 10.0;
				LD_RUNPATH_SEARCH_PATHS = "$(inherited) @executable_path/Frameworks";
				PRODUCT_BUNDLE_IDENTIFIER = ca.json.textfield.streetcams;
				PRODUCT_NAME = "$(TARGET_NAME)";
				PROVISIONING_PROFILE_SPECIFIER = "";
				SWIFT_OBJC_BRIDGING_HEADER = "Ottawa Street Cameras/Ottawa Street Cameras-Bridging-Header.h";
				SWIFT_SWIFT3_OBJC_INFERENCE = On;
				SWIFT_VERSION = 4.0;
			};
			name = Release;
		};
/* End XCBuildConfiguration section */

/* Begin XCConfigurationList section */
		9A31D4301DEA85B100C90D79 /* Build configuration list for PBXProject "Ottawa Street Cameras" */ = {
			isa = XCConfigurationList;
			buildConfigurations = (
				9A31D4481DEA85B200C90D79 /* Debug */,
				9A31D4491DEA85B200C90D79 /* Release */,
			);
			defaultConfigurationIsVisible = 0;
			defaultConfigurationName = Release;
		};
		9A31D44A1DEA85B200C90D79 /* Build configuration list for PBXNativeTarget "Ottawa Street Cameras" */ = {
			isa = XCConfigurationList;
			buildConfigurations = (
				9A31D44B1DEA85B200C90D79 /* Debug */,
				9A31D44C1DEA85B200C90D79 /* Release */,
			);
			defaultConfigurationIsVisible = 0;
			defaultConfigurationName = Release;
		};
/* End XCConfigurationList section */
	};
	rootObject = 9A31D42D1DEA85B100C90D79 /* Project object */;
}
